[[package]]
name = "cc"
version = "1.0.15"
source = "registry+https://github.com/rust-lang/crates.io-index"

[[package]]
name = "cmake"
version = "0.1.31"
source = "registry+https://github.com/rust-lang/crates.io-index"
dependencies = [
 "cc 1.0.15 (registry+https://github.com/rust-lang/crates.io-index)",
]

[[package]]
name = "euclid"
version = "0.17.3"
source = "registry+https://github.com/rust-lang/crates.io-index"
dependencies = [
 "num-traits 0.1.43 (registry+https://github.com/rust-lang/crates.io-index)",
]

[[package]]
name = "freetype"
version = "0.4.0"
source = "registry+https://github.com/rust-lang/crates.io-index"
dependencies = [
 "libc 0.2.40 (registry+https://github.com/rust-lang/crates.io-index)",
 "servo-freetype-sys 4.0.3 (registry+https://github.com/rust-lang/crates.io-index)",
]

[[package]]
name = "harfbuzz"
version = "0.2.0"
source = "git+https://github.com/mbrubeck/rust-harfbuzz?branch=micromegas#d14512acc0f8b90ef9bdccdda124206a93b7b890"
dependencies = [
 "harfbuzz-sys 0.2.0 (git+https://github.com/mbrubeck/rust-harfbuzz?branch=micromegas)",
]

[[package]]
name = "harfbuzz-sys"
version = "0.2.0"
source = "git+https://github.com/mbrubeck/rust-harfbuzz?branch=micromegas#d14512acc0f8b90ef9bdccdda124206a93b7b890"
dependencies = [
 "cmake 0.1.31 (registry+https://github.com/rust-lang/crates.io-index)",
 "freetype 0.4.0 (registry+https://github.com/rust-lang/crates.io-index)",
 "pkg-config 0.3.11 (registry+https://github.com/rust-lang/crates.io-index)",
]

[[package]]
name = "libc"
version = "0.2.40"
source = "registry+https://github.com/rust-lang/crates.io-index"

[[package]]
name = "matches"
version = "0.1.6"
source = "registry+https://github.com/rust-lang/crates.io-index"

[[package]]
name = "micromegas"
version = "0.1.0"
dependencies = [
 "euclid 0.17.3 (registry+https://github.com/rust-lang/crates.io-index)",
 "freetype 0.4.0 (registry+https://github.com/rust-lang/crates.io-index)",
 "harfbuzz 0.2.0 (git+https://github.com/mbrubeck/rust-harfbuzz?branch=micromegas)",
 "harfbuzz-sys 0.2.0 (git+https://github.com/mbrubeck/rust-harfbuzz?branch=micromegas)",
 "unic-emoji-char 0.7.0 (registry+https://github.com/rust-lang/crates.io-index)",
 "unic-ucd-category 0.7.0 (registry+https://github.com/rust-lang/crates.io-index)",
 "unicode-bidi 0.3.4 (registry+https://github.com/rust-lang/crates.io-index)",
 "unicode-script 0.2.0 (registry+https://github.com/rust-lang/crates.io-index)",
 "xi-unicode 0.1.0 (registry+https://github.com/rust-lang/crates.io-index)",
]

[[package]]
name = "num-traits"
version = "0.1.43"
source = "registry+https://github.com/rust-lang/crates.io-index"
dependencies = [
 "num-traits 0.2.4 (registry+https://github.com/rust-lang/crates.io-index)",
]

[[package]]
name = "num-traits"
version = "0.2.4"
source = "registry+https://github.com/rust-lang/crates.io-index"

[[package]]
name = "pkg-config"
version = "0.3.11"
source = "registry+https://github.com/rust-lang/crates.io-index"

[[package]]
name = "servo-freetype-sys"
version = "4.0.3"
source = "registry+https://github.com/rust-lang/crates.io-index"
dependencies = [
 "cmake 0.1.31 (registry+https://github.com/rust-lang/crates.io-index)",
 "pkg-config 0.3.11 (registry+https://github.com/rust-lang/crates.io-index)",
]

[[package]]
name = "unic-char-property"
version = "0.7.0"
source = "registry+https://github.com/rust-lang/crates.io-index"
dependencies = [
 "unic-char-range 0.7.0 (registry+https://github.com/rust-lang/crates.io-index)",
]

[[package]]
name = "unic-char-range"
version = "0.7.0"
source = "registry+https://github.com/rust-lang/crates.io-index"

[[package]]
name = "unic-common"
version = "0.7.0"
source = "registry+https://github.com/rust-lang/crates.io-index"

[[package]]
name = "unic-emoji-char"
version = "0.7.0"
source = "registry+https://github.com/rust-lang/crates.io-index"
dependencies = [
 "unic-char-property 0.7.0 (registry+https://github.com/rust-lang/crates.io-index)",
 "unic-char-range 0.7.0 (registry+https://github.com/rust-lang/crates.io-index)",
 "unic-ucd-version 0.7.0 (registry+https://github.com/rust-lang/crates.io-index)",
]

[[package]]
name = "unic-ucd-category"
version = "0.7.0"
source = "registry+https://github.com/rust-lang/crates.io-index"
dependencies = [
 "matches 0.1.6 (registry+https://github.com/rust-lang/crates.io-index)",
 "unic-char-property 0.7.0 (registry+https://github.com/rust-lang/crates.io-index)",
 "unic-char-range 0.7.0 (registry+https://github.com/rust-lang/crates.io-index)",
 "unic-ucd-version 0.7.0 (registry+https://github.com/rust-lang/crates.io-index)",
]

[[package]]
name = "unic-ucd-version"
version = "0.7.0"
source = "registry+https://github.com/rust-lang/crates.io-index"
dependencies = [
 "unic-common 0.7.0 (registry+https://github.com/rust-lang/crates.io-index)",
]

[[package]]
name = "unicode-bidi"
version = "0.3.4"
source = "registry+https://github.com/rust-lang/crates.io-index"
dependencies = [
 "matches 0.1.6 (registry+https://github.com/rust-lang/crates.io-index)",
]

[[package]]
name = "unicode-script"
version = "0.2.0"
source = "registry+https://github.com/rust-lang/crates.io-index"
dependencies = [
 "harfbuzz-sys 0.2.0 (git+https://github.com/mbrubeck/rust-harfbuzz?branch=micromegas)",
]

[[package]]
name = "xi-unicode"
version = "0.1.0"
source = "registry+https://github.com/rust-lang/crates.io-index"

[metadata]
"checksum cc 1.0.15 (registry+https://github.com/rust-lang/crates.io-index)" = "0ebb87d1116151416c0cf66a0e3fb6430cccd120fd6300794b4dfaa050ac40ba"
"checksum cmake 0.1.31 (registry+https://github.com/rust-lang/crates.io-index)" = "95470235c31c726d72bf2e1f421adc1e65b9d561bf5529612cbe1a72da1467b3"
"checksum euclid 0.17.3 (registry+https://github.com/rust-lang/crates.io-index)" = "c95fd0d455f114291a3109286bd387bd423770058474a2d3f38b712cd661df60"
"checksum freetype 0.4.0 (registry+https://github.com/rust-lang/crates.io-index)" = "b659e75b7a7338fe75afd7f909fc2b71937845cffb6ebe54ba2e50f13d8e903d"
"checksum harfbuzz 0.2.0 (git+https://github.com/mbrubeck/rust-harfbuzz?branch=micromegas)" = "<none>"
"checksum harfbuzz-sys 0.2.0 (git+https://github.com/mbrubeck/rust-harfbuzz?branch=micromegas)" = "<none>"
"checksum libc 0.2.40 (registry+https://github.com/rust-lang/crates.io-index)" = "6fd41f331ac7c5b8ac259b8bf82c75c0fb2e469bbf37d2becbba9a6a2221965b"
"checksum matches 0.1.6 (registry+https://github.com/rust-lang/crates.io-index)" = "100aabe6b8ff4e4a7e32c1c13523379802df0772b82466207ac25b013f193376"
"checksum num-traits 0.1.43 (registry+https://github.com/rust-lang/crates.io-index)" = "92e5113e9fd4cc14ded8e499429f396a20f98c772a47cc8622a736e1ec843c31"
"checksum num-traits 0.2.4 (registry+https://github.com/rust-lang/crates.io-index)" = "775393e285254d2f5004596d69bb8bc1149754570dcc08cf30cabeba67955e28"
"checksum pkg-config 0.3.11 (registry+https://github.com/rust-lang/crates.io-index)" = "110d5ee3593dbb73f56294327fe5668bcc997897097cbc76b51e7aed3f52452f"
"checksum servo-freetype-sys 4.0.3 (registry+https://github.com/rust-lang/crates.io-index)" = "9232032c2e85118c0282c6562c84cab12316e655491ba0a5d1905b2320060d1b"
"checksum unic-char-property 0.7.0 (registry+https://github.com/rust-lang/crates.io-index)" = "ce36d3f7ce754afdbccccf8ff0dd0134e50fb44aaae579f96218856e9e5dbd1e"
"checksum unic-char-range 0.7.0 (registry+https://github.com/rust-lang/crates.io-index)" = "d9ab85fab42ad1b26cafc03bf891f69cb4d6e15f491030e89a0122197baa8ae8"
"checksum unic-common 0.7.0 (registry+https://github.com/rust-lang/crates.io-index)" = "ff8d4a7ade929ef7d971e16ced21a8cd56a63869aa6032dfb8cb083cf7d077bf"
"checksum unic-emoji-char 0.7.0 (registry+https://github.com/rust-lang/crates.io-index)" = "78681cafe3b9e34cb622ccd58b1b326ee02791dd9099829738498134141f9148"
"checksum unic-ucd-category 0.7.0 (registry+https://github.com/rust-lang/crates.io-index)" = "80d28c16bf362ffb6cf46286ca1b53dcb4718bd11826abb7be7b27106ba55b9e"
"checksum unic-ucd-version 0.7.0 (registry+https://github.com/rust-lang/crates.io-index)" = "cf1f5e6c6c53c2d0ece4a5964bc55fcff8602153063cb4fab20958ff32998ff6"
"checksum unicode-bidi 0.3.4 (registry+https://github.com/rust-lang/crates.io-index)" = "49f2bd0c6468a8230e1db229cff8029217cf623c767ea5d60bfbd42729ea54d5"
"checksum unicode-script 0.2.0 (registry+https://github.com/rust-lang/crates.io-index)" = "e8bd7bbf020b2885113e6304f68bcc33881c5552657c58d4e9699cd1b6606e81"
"checksum xi-unicode 0.1.0 (registry+https://github.com/rust-lang/crates.io-index)" = "12ea8eda4b1eb72f02d148402e23832d56a33f55d8c1b2d5bcdde91d79d47cb1"
